// !$*UTF8*$!
{
	archiveVersion = 1;
	classes = {
	};
	objectVersion = 46;
	objects = {

/* Begin PBXBuildFile section */
		7E1425CE1F41AC580022773A /* main.m in Sources */ = {isa = PBXBuildFile; fileRef = 7E1425CD1F41AC580022773A /* main.m */; };
		7E1425D11F41AC580022773A /* AppDelegate.m in Sources */ = {isa = PBXBuildFile; fileRef = 7E1425D01F41AC580022773A /* AppDelegate.m */; };
		7E1425D71F41AC580022773A /* Main.storyboard in Resources */ = {isa = PBXBuildFile; fileRef = 7E1425D51F41AC580022773A /* Main.storyboard */; };
		7E1425D91F41AC580022773A /* Assets.xcassets in Resources */ = {isa = PBXBuildFile; fileRef = 7E1425D81F41AC580022773A /* Assets.xcassets */; };
		7E1425DC1F41AC580022773A /* LaunchScreen.storyboard in Resources */ = {isa = PBXBuildFile; fileRef = 7E1425DA1F41AC580022773A /* LaunchScreen.storyboard */; };
		7E1425E71F41AC580022773A /* gameoflifeTests.m in Sources */ = {isa = PBXBuildFile; fileRef = 7E1425E61F41AC580022773A /* gameoflifeTests.m */; };
		7E1425F21F41AC580022773A /* gameoflifeUITests.m in Sources */ = {isa = PBXBuildFile; fileRef = 7E1425F11F41AC580022773A /* gameoflifeUITests.m */; };
		7E6A50EA1F52BFAD0016FC10 /* GOLCell.m in Sources */ = {isa = PBXBuildFile; fileRef = 7E6A50E71F52BFAD0016FC10 /* GOLCell.m */; };
		7E6A50EB1F52BFAD0016FC10 /* GOLCellPosition.m in Sources */ = {isa = PBXBuildFile; fileRef = 7E6A50E91F52BFAD0016FC10 /* GOLCellPosition.m */; };
		7E6A50F01F52BFC00016FC10 /* GOLCollectionViewCell.m in Sources */ = {isa = PBXBuildFile; fileRef = 7E6A50ED1F52BFC00016FC10 /* GOLCollectionViewCell.m */; };
		7E6A50F11F52BFC00016FC10 /* ViewController.m in Sources */ = {isa = PBXBuildFile; fileRef = 7E6A50EF1F52BFC00016FC10 /* ViewController.m */; };
/* End PBXBuildFile section */

/* Begin PBXContainerItemProxy section */
		7E1425E31F41AC580022773A /* PBXContainerItemProxy */ = {
			isa = PBXContainerItemProxy;
			containerPortal = 7E1425C11F41AC580022773A /* Project object */;
			proxyType = 1;
			remoteGlobalIDString = 7E1425C81F41AC580022773A;
			remoteInfo = gameoflife;
		};
		7E1425EE1F41AC580022773A /* PBXContainerItemProxy */ = {
			isa = PBXContainerItemProxy;
			containerPortal = 7E1425C11F41AC580022773A /* Project object */;
			proxyType = 1;
			remoteGlobalIDString = 7E1425C81F41AC580022773A;
			remoteInfo = gameoflife;
		};
/* End PBXContainerItemProxy section */

/* Begin PBXFileReference section */
		7E1425C91F41AC580022773A /* gameoflife.app */ = {isa = PBXFileReference; explicitFileType = wrapper.application; includeInIndex = 0; path = gameoflife.app; sourceTree = BUILT_PRODUCTS_DIR; };
		7E1425CD1F41AC580022773A /* main.m */ = {isa = PBXFileReference; lastKnownFileType = sourcecode.c.objc; path = main.m; sourceTree = "<group>"; };
		7E1425CF1F41AC580022773A /* AppDelegate.h */ = {isa = PBXFileReference; lastKnownFileType = sourcecode.c.h; path = AppDelegate.h; sourceTree = "<group>"; };
		7E1425D01F41AC580022773A /* AppDelegate.m */ = {isa = PBXFileReference; lastKnownFileType = sourcecode.c.objc; path = AppDelegate.m; sourceTree = "<group>"; };
		7E1425D61F41AC580022773A /* Base */ = {isa = PBXFileReference; lastKnownFileType = file.storyboard; name = Base; path = Base.lproj/Main.storyboard; sourceTree = "<group>"; };
		7E1425D81F41AC580022773A /* Assets.xcassets */ = {isa = PBXFileReference; lastKnownFileType = folder.assetcatalog; path = Assets.xcassets; sourceTree = "<group>"; };
		7E1425DB1F41AC580022773A /* Base */ = {isa = PBXFileReference; lastKnownFileType = file.storyboard; name = Base; path = Base.lproj/LaunchScreen.storyboard; sourceTree = "<group>"; };
		7E1425DD1F41AC580022773A /* Info.plist */ = {isa = PBXFileReference; lastKnownFileType = text.plist.xml; path = Info.plist; sourceTree = "<group>"; };
		7E1425E21F41AC580022773A /* gameoflifeTests.xctest */ = {isa = PBXFileReference; explicitFileType = wrapper.cfbundle; includeInIndex = 0; path = gameoflifeTests.xctest; sourceTree = BUILT_PRODUCTS_DIR; };
		7E1425E61F41AC580022773A /* gameoflifeTests.m */ = {isa = PBXFileReference; lastKnownFileType = sourcecode.c.objc; path = gameoflifeTests.m; sourceTree = "<group>"; };
		7E1425E81F41AC580022773A /* Info.plist */ = {isa = PBXFileReference; lastKnownFileType = text.plist.xml; path = Info.plist; sourceTree = "<group>"; };
		7E1425ED1F41AC580022773A /* gameoflifeUITests.xctest */ = {isa = PBXFileReference; explicitFileType = wrapper.cfbundle; includeInIndex = 0; path = gameoflifeUITests.xctest; sourceTree = BUILT_PRODUCTS_DIR; };
		7E1425F11F41AC580022773A /* gameoflifeUITests.m */ = {isa = PBXFileReference; lastKnownFileType = sourcecode.c.objc; path = gameoflifeUITests.m; sourceTree = "<group>"; };
		7E1425F31F41AC580022773A /* Info.plist */ = {isa = PBXFileReference; lastKnownFileType = text.plist.xml; path = Info.plist; sourceTree = "<group>"; };
		7E6A50E61F52BFAD0016FC10 /* GOLCell.h */ = {isa = PBXFileReference; fileEncoding = 4; lastKnownFileType = sourcecode.c.h; name = GOLCell.h; path = Entity/GOLCell.h; sourceTree = "<group>"; };
		7E6A50E71F52BFAD0016FC10 /* GOLCell.m */ = {isa = PBXFileReference; fileEncoding = 4; lastKnownFileType = sourcecode.c.objc; name = GOLCell.m; path = Entity/GOLCell.m; sourceTree = "<group>"; };
		7E6A50E81F52BFAD0016FC10 /* GOLCellPosition.h */ = {isa = PBXFileReference; fileEncoding = 4; lastKnownFileType = sourcecode.c.h; name = GOLCellPosition.h; path = Entity/GOLCellPosition.h; sourceTree = "<group>"; };
		7E6A50E91F52BFAD0016FC10 /* GOLCellPosition.m */ = {isa = PBXFileReference; fileEncoding = 4; lastKnownFileType = sourcecode.c.objc; name = GOLCellPosition.m; path = Entity/GOLCellPosition.m; sourceTree = "<group>"; };
		7E6A50EC1F52BFC00016FC10 /* GOLCollectionViewCell.h */ = {isa = PBXFileReference; fileEncoding = 4; lastKnownFileType = sourcecode.c.h; name = GOLCollectionViewCell.h; path = View/GOLCollectionViewCell.h; sourceTree = "<group>"; };
		7E6A50ED1F52BFC00016FC10 /* GOLCollectionViewCell.m */ = {isa = PBXFileReference; fileEncoding = 4; lastKnownFileType = sourcecode.c.objc; name = GOLCollectionViewCell.m; path = View/GOLCollectionViewCell.m; sourceTree = "<group>"; };
		7E6A50EE1F52BFC00016FC10 /* ViewController.h */ = {isa = PBXFileReference; fileEncoding = 4; lastKnownFileType = sourcecode.c.h; name = ViewController.h; path = View/ViewController.h; sourceTree = "<group>"; };
		7E6A50EF1F52BFC00016FC10 /* ViewController.m */ = {isa = PBXFileReference; fileEncoding = 4; lastKnownFileType = sourcecode.c.objc; name = ViewController.m; path = View/ViewController.m; sourceTree = "<group>"; };
/* End PBXFileReference section */

/* Begin PBXFrameworksBuildPhase section */
		7E1425C61F41AC580022773A /* Frameworks */ = {
			isa = PBXFrameworksBuildPhase;
			buildActionMask = 2147483647;
			files = (
			);
			runOnlyForDeploymentPostprocessing = 0;
		};
		7E1425DF1F41AC580022773A /* Frameworks */ = {
			isa = PBXFrameworksBuildPhase;
			buildActionMask = 2147483647;
			files = (
			);
			runOnlyForDeploymentPostprocessing = 0;
		};
		7E1425EA1F41AC580022773A /* Frameworks */ = {
			isa = PBXFrameworksBuildPhase;
			buildActionMask = 2147483647;
			files = (
			);
			runOnlyForDeploymentPostprocessing = 0;
		};
/* End PBXFrameworksBuildPhase section */

/* Begin PBXGroup section */
		7E104B311F52BEE7002C1FFB /* Entity */ = {
			isa = PBXGroup;
			children = (
				7E6A50E61F52BFAD0016FC10 /* GOLCell.h */,
				7E6A50E71F52BFAD0016FC10 /* GOLCell.m */,
				7E6A50E81F52BFAD0016FC10 /* GOLCellPosition.h */,
				7E6A50E91F52BFAD0016FC10 /* GOLCellPosition.m */,
			);
			name = Entity;
			sourceTree = "<group>";
		};
		7E104B321F52BEFB002C1FFB /* Interactor */ = {
			isa = PBXGroup;
			children = (
			);
			name = Interactor;
			sourceTree = "<group>";
		};
		7E104B331F52BF06002C1FFB /* Presenter */ = {
			isa = PBXGroup;
			children = (
			);
			name = Presenter;
			sourceTree = "<group>";
		};
		7E104B341F52BF11002C1FFB /* View */ = {
			isa = PBXGroup;
			children = (
				7E6A50EC1F52BFC00016FC10 /* GOLCollectionViewCell.h */,
				7E6A50ED1F52BFC00016FC10 /* GOLCollectionViewCell.m */,
				7E6A50EE1F52BFC00016FC10 /* ViewController.h */,
				7E6A50EF1F52BFC00016FC10 /* ViewController.m */,
			);
			name = View;
			sourceTree = "<group>";
		};
		7E1425C01F41AC580022773A = {
			isa = PBXGroup;
			children = (
				7E1425CB1F41AC580022773A /* gameoflife */,
				7E1425E51F41AC580022773A /* gameoflifeTests */,
				7E1425F01F41AC580022773A /* gameoflifeUITests */,
				7E1425CA1F41AC580022773A /* Products */,
			);
			sourceTree = "<group>";
		};
		7E1425CA1F41AC580022773A /* Products */ = {
			isa = PBXGroup;
			children = (
				7E1425C91F41AC580022773A /* gameoflife.app */,
				7E1425E21F41AC580022773A /* gameoflifeTests.xctest */,
				7E1425ED1F41AC580022773A /* gameoflifeUITests.xctest */,
			);
			name = Products;
			sourceTree = "<group>";
		};
		7E1425CB1F41AC580022773A /* gameoflife */ = {
			isa = PBXGroup;
			children = (
				7E104B341F52BF11002C1FFB /* View */,
				7E104B331F52BF06002C1FFB /* Presenter */,
				7E104B321F52BEFB002C1FFB /* Interactor */,
				7E104B311F52BEE7002C1FFB /* Entity */,
				7E1425CF1F41AC580022773A /* AppDelegate.h */,
				7E1425D01F41AC580022773A /* AppDelegate.m */,
				7E1425D51F41AC580022773A /* Main.storyboard */,
				7E1425D81F41AC580022773A /* Assets.xcassets */,
				7E1425DA1F41AC580022773A /* LaunchScreen.storyboard */,
				7E1425DD1F41AC580022773A /* Info.plist */,
				7E1425CC1F41AC580022773A /* Supporting Files */,
			);
			path = gameoflife;
			sourceTree = "<group>";
		};
		7E1425CC1F41AC580022773A /* Supporting Files */ = {
			isa = PBXGroup;
			children = (
				7E1425CD1F41AC580022773A /* main.m */,
			);
			name = "Supporting Files";
			sourceTree = "<group>";
		};
		7E1425E51F41AC580022773A /* gameoflifeTests */ = {
			isa = PBXGroup;
			children = (
				7E1425E61F41AC580022773A /* gameoflifeTests.m */,
				7E1425E81F41AC580022773A /* Info.plist */,
			);
			path = gameoflifeTests;
			sourceTree = "<group>";
		};
		7E1425F01F41AC580022773A /* gameoflifeUITests */ = {
			isa = PBXGroup;
			children = (
				7E1425F11F41AC580022773A /* gameoflifeUITests.m */,
				7E1425F31F41AC580022773A /* Info.plist */,
			);
			path = gameoflifeUITests;
			sourceTree = "<group>";
		};
/* End PBXGroup section */

/* Begin PBXNativeTarget section */
		7E1425C81F41AC580022773A /* gameoflife */ = {
			isa = PBXNativeTarget;
			buildConfigurationList = 7E1425F61F41AC580022773A /* Build configuration list for PBXNativeTarget "gameoflife" */;
			buildPhases = (
				7E1425C51F41AC580022773A /* Sources */,
				7E1425C61F41AC580022773A /* Frameworks */,
				7E1425C71F41AC580022773A /* Resources */,
			);
			buildRules = (
			);
			dependencies = (
			);
			name = gameoflife;
			productName = gameoflife;
			productReference = 7E1425C91F41AC580022773A /* gameoflife.app */;
			productType = "com.apple.product-type.application";
		};
		7E1425E11F41AC580022773A /* gameoflifeTests */ = {
			isa = PBXNativeTarget;
			buildConfigurationList = 7E1425F91F41AC580022773A /* Build configuration list for PBXNativeTarget "gameoflifeTests" */;
			buildPhases = (
				7E1425DE1F41AC580022773A /* Sources */,
				7E1425DF1F41AC580022773A /* Frameworks */,
				7E1425E01F41AC580022773A /* Resources */,
			);
			buildRules = (
			);
			dependencies = (
				7E1425E41F41AC580022773A /* PBXTargetDependency */,
			);
			name = gameoflifeTests;
			productName = gameoflifeTests;
			productReference = 7E1425E21F41AC580022773A /* gameoflifeTests.xctest */;
			productType = "com.apple.product-type.bundle.unit-test";
		};
		7E1425EC1F41AC580022773A /* gameoflifeUITests */ = {
			isa = PBXNativeTarget;
			buildConfigurationList = 7E1425FC1F41AC580022773A /* Build configuration list for PBXNativeTarget "gameoflifeUITests" */;
			buildPhases = (
				7E1425E91F41AC580022773A /* Sources */,
				7E1425EA1F41AC580022773A /* Frameworks */,
				7E1425EB1F41AC580022773A /* Resources */,
			);
			buildRules = (
			);
			dependencies = (
				7E1425EF1F41AC580022773A /* PBXTargetDependency */,
			);
			name = gameoflifeUITests;
			productName = gameoflifeUITests;
			productReference = 7E1425ED1F41AC580022773A /* gameoflifeUITests.xctest */;
			productType = "com.apple.product-type.bundle.ui-testing";
		};
/* End PBXNativeTarget section */

/* Begin PBXProject section */
		7E1425C11F41AC580022773A /* Project object */ = {
			isa = PBXProject;
			attributes = {
				LastUpgradeCheck = 0830;
				ORGANIZATIONNAME = "王彦睿";
				TargetAttributes = {
					7E1425C81F41AC580022773A = {
						CreatedOnToolsVersion = 8.3.3;
						DevelopmentTeam = LNRV9D7FZB;
						ProvisioningStyle = Automatic;
					};
					7E1425E11F41AC580022773A = {
						CreatedOnToolsVersion = 8.3.3;
						ProvisioningStyle = Automatic;
						TestTargetID = 7E1425C81F41AC580022773A;
					};
					7E1425EC1F41AC580022773A = {
						CreatedOnToolsVersion = 8.3.3;
						ProvisioningStyle = Automatic;
						TestTargetID = 7E1425C81F41AC580022773A;
					};
				};
			};
			buildConfigurationList = 7E1425C41F41AC580022773A /* Build configuration list for PBXProject "gameoflife" */;
			compatibilityVersion = "Xcode 3.2";
			developmentRegion = English;
			hasScannedForEncodings = 0;
			knownRegions = (
				en,
				Base,
			);
			mainGroup = 7E1425C01F41AC580022773A;
			productRefGroup = 7E1425CA1F41AC580022773A /* Products */;
			projectDirPath = "";
			projectRoot = "";
			targets = (
				7E1425C81F41AC580022773A /* gameoflife */,
				7E1425E11F41AC580022773A /* gameoflifeTests */,
				7E1425EC1F41AC580022773A /* gameoflifeUITests */,
			);
		};
/* End PBXProject section */

/* Begin PBXResourcesBuildPhase section */
		7E1425C71F41AC580022773A /* Resources */ = {
			isa = PBXResourcesBuildPhase;
			buildActionMask = 2147483647;
			files = (
				7E1425DC1F41AC580022773A /* LaunchScreen.storyboard in Resources */,
				7E1425D91F41AC580022773A /* Assets.xcassets in Resources */,
				7E1425D71F41AC580022773A /* Main.storyboard in Resources */,
			);
			runOnlyForDeploymentPostprocessing = 0;
		};
		7E1425E01F41AC580022773A /* Resources */ = {
			isa = PBXResourcesBuildPhase;
			buildActionMask = 2147483647;
			files = (
			);
			runOnlyForDeploymentPostprocessing = 0;
		};
		7E1425EB1F41AC580022773A /* Resources */ = {
			isa = PBXResourcesBuildPhase;
			buildActionMask = 2147483647;
			files = (
			);
			runOnlyForDeploymentPostprocessing = 0;
		};
/* End PBXResourcesBuildPhase section */

/* Begin PBXSourcesBuildPhase section */
		7E1425C51F41AC580022773A /* Sources */ = {
			isa = PBXSourcesBuildPhase;
			buildActionMask = 2147483647;
			files = (
				7E6A50F11F52BFC00016FC10 /* ViewController.m in Sources */,
				7E1425D11F41AC580022773A /* AppDelegate.m in Sources */,
				7E6A50F01F52BFC00016FC10 /* GOLCollectionViewCell.m in Sources */,
				7E1425CE1F41AC580022773A /* main.m in Sources */,
				7E6A50EA1F52BFAD0016FC10 /* GOLCell.m in Sources */,
				7E6A50EB1F52BFAD0016FC10 /* GOLCellPosition.m in Sources */,
			);
			runOnlyForDeploymentPostprocessing = 0;
		};
		7E1425DE1F41AC580022773A /* Sources */ = {
			isa = PBXSourcesBuildPhase;
			buildActionMask = 2147483647;
			files = (
				7E1425E71F41AC580022773A /* gameoflifeTests.m in Sources */,
			);
			runOnlyForDeploymentPostprocessing = 0;
		};
		7E1425E91F41AC580022773A /* Sources */ = {
			isa = PBXSourcesBuildPhase;
			buildActionMask = 2147483647;
			files = (
				7E1425F21F41AC580022773A /* gameoflifeUITests.m in Sources */,
			);
			runOnlyForDeploymentPostprocessing = 0;
		};
/* End PBXSourcesBuildPhase section */

/* Begin PBXTargetDependency section */
		7E1425E41F41AC580022773A /* PBXTargetDependency */ = {
			isa = PBXTargetDependency;
			target = 7E1425C81F41AC580022773A /* gameoflife */;
			targetProxy = 7E1425E31F41AC580022773A /* PBXContainerItemProxy */;
		};
		7E1425EF1F41AC580022773A /* PBXTargetDependency */ = {
			isa = PBXTargetDependency;
			target = 7E1425C81F41AC580022773A /* gameoflife */;
			targetProxy = 7E1425EE1F41AC580022773A /* PBXContainerItemProxy */;
		};
/* End PBXTargetDependency section */

/* Begin PBXVariantGroup section */
		7E1425D51F41AC580022773A /* Main.storyboard */ = {
			isa = PBXVariantGroup;
			children = (
				7E1425D61F41AC580022773A /* Base */,
			);
			name = Main.storyboard;
			sourceTree = "<group>";
		};
		7E1425DA1F41AC580022773A /* LaunchScreen.storyboard */ = {
			isa = PBXVariantGroup;
			children = (
				7E1425DB1F41AC580022773A /* Base */,
			);
			name = LaunchScreen.storyboard;
			sourceTree = "<group>";
		};
/* End PBXVariantGroup section */

/* Begin XCBuildConfiguration section */
		7E1425F41F41AC580022773A /* Debug */ = {
			isa = XCBuildConfiguration;
			buildSettings = {
				ALWAYS_SEARCH_USER_PATHS = NO;
				CLANG_ANALYZER_NONNULL = YES;
				CLANG_ANALYZER_NUMBER_OBJECT_CONVERSION = YES_AGGRESSIVE;
				CLANG_CXX_LANGUAGE_STANDARD = "gnu++0x";
				CLANG_CXX_LIBRARY = "libc++";
				CLANG_ENABLE_MODULES = YES;
				CLANG_ENABLE_OBJC_ARC = YES;
				CLANG_WARN_BOOL_CONVERSION = YES;
				CLANG_WARN_CONSTANT_CONVERSION = YES;
				CLANG_WARN_DIRECT_OBJC_ISA_USAGE = YES_ERROR;
				CLANG_WARN_DOCUMENTATION_COMMENTS = YES;
				CLANG_WARN_EMPTY_BODY = YES;
				CLANG_WARN_ENUM_CONVERSION = YES;
				CLANG_WARN_INFINITE_RECURSION = YES;
				CLANG_WARN_INT_CONVERSION = YES;
				CLANG_WARN_OBJC_ROOT_CLASS = YES_ERROR;
				CLANG_WARN_SUSPICIOUS_MOVE = YES;
				CLANG_WARN_UNREACHABLE_CODE = YES;
				CLANG_WARN__DUPLICATE_METHOD_MATCH = YES;
				"CODE_SIGN_IDENTITY[sdk=iphoneos*]" = "iPhone Developer";
				COPY_PHASE_STRIP = NO;
				DEBUG_INFORMATION_FORMAT = dwarf;
				ENABLE_STRICT_OBJC_MSGSEND = YES;
				ENABLE_TESTABILITY = YES;
				GCC_C_LANGUAGE_STANDARD = gnu99;
				GCC_DYNAMIC_NO_PIC = NO;
				GCC_NO_COMMON_BLOCKS = YES;
				GCC_OPTIMIZATION_LEVEL = 0;
				GCC_PREPROCESSOR_DEFINITIONS = (
					"DEBUG=1",
					"$(inherited)",
				);
				GCC_WARN_64_TO_32_BIT_CONVERSION = YES;
				GCC_WARN_ABOUT_RETURN_TYPE = YES_ERROR;
				GCC_WARN_UNDECLARED_SELECTOR = YES;
				GCC_WARN_UNINITIALIZED_AUTOS = YES_AGGRESSIVE;
				GCC_WARN_UNUSED_FUNCTION = YES;
				GCC_WARN_UNUSED_VARIABLE = YES;
				IPHONEOS_DEPLOYMENT_TARGET = 10.3;
				MTL_ENABLE_DEBUG_INFO = YES;
				ONLY_ACTIVE_ARCH = YES;
				SDKROOT = iphoneos;
				TARGETED_DEVICE_FAMILY = 2;
			};
			name = Debug;
		};
		7E1425F51F41AC580022773A /* Release */ = {
			isa = XCBuildConfiguration;
			buildSettings = {
				ALWAYS_SEARCH_USER_PATHS = NO;
				CLANG_ANALYZER_NONNULL = YES;
				CLANG_ANALYZER_NUMBER_OBJECT_CONVERSION = YES_AGGRESSIVE;
				CLANG_CXX_LANGUAGE_STANDARD = "gnu++0x";
				CLANG_CXX_LIBRARY = "libc++";
				CLANG_ENABLE_MODULES = YES;
				CLANG_ENABLE_OBJC_ARC = YES;
				CLANG_WARN_BOOL_CONVERSION = YES;
				CLANG_WARN_CONSTANT_CONVERSION = YES;
				CLANG_WARN_DIRECT_OBJC_ISA_USAGE = YES_ERROR;
				CLANG_WARN_DOCUMENTATION_COMMENTS = YES;
				CLANG_WARN_EMPTY_BODY = YES;
				CLANG_WARN_ENUM_CONVERSION = YES;
				CLANG_WARN_INFINITE_RECURSION = YES;
				CLANG_WARN_INT_CONVERSION = YES;
				CLANG_WARN_OBJC_ROOT_CLASS = YES_ERROR;
				CLANG_WARN_SUSPICIOUS_MOVE = YES;
				CLANG_WARN_UNREACHABLE_CODE = YES;
				CLANG_WARN__DUPLICATE_METHOD_MATCH = YES;
				"CODE_SIGN_IDENTITY[sdk=iphoneos*]" = "iPhone Developer";
				COPY_PHASE_STRIP = NO;
				DEBUG_INFORMATION_FORMAT = "dwarf-with-dsym";
				ENABLE_NS_ASSERTIONS = NO;
				ENABLE_STRICT_OBJC_MSGSEND = YES;
				GCC_C_LANGUAGE_STANDARD = gnu99;
				GCC_NO_COMMON_BLOCKS = YES;
				GCC_WARN_64_TO_32_BIT_CONVERSION = YES;
				GCC_WARN_ABOUT_RETURN_TYPE = YES_ERROR;
				GCC_WARN_UNDECLARED_SELECTOR = YES;
				GCC_WARN_UNINITIALIZED_AUTOS = YES_AGGRESSIVE;
				GCC_WARN_UNUSED_FUNCTION = YES;
				GCC_WARN_UNUSED_VARIABLE = YES;
				IPHONEOS_DEPLOYMENT_TARGET = 10.3;
				MTL_ENABLE_DEBUG_INFO = NO;
				SDKROOT = iphoneos;
				TARGETED_DEVICE_FAMILY = 2;
				VALIDATE_PRODUCT = YES;
			};
			name = Release;
		};
		7E1425F71F41AC580022773A /* Debug */ = {
			isa = XCBuildConfiguration;
			buildSettings = {
				ASSETCATALOG_COMPILER_APPICON_NAME = AppIcon;
				DEVELOPMENT_TEAM = LNRV9D7FZB;
				INFOPLIST_FILE = gameoflife/Info.plist;
				IPHONEOS_DEPLOYMENT_TARGET = 10.0;
				LD_RUNPATH_SEARCH_PATHS = "$(inherited) @executable_path/Frameworks";
				PRODUCT_BUNDLE_IDENTIFIER = com.wyr.gameoflife;
				PRODUCT_NAME = "$(TARGET_NAME)";
				TARGETED_DEVICE_FAMILY = "1,2";
			};
			name = Debug;
		};
		7E1425F81F41AC580022773A /* Release */ = {
			isa = XCBuildConfiguration;
			buildSettings = {
				ASSETCATALOG_COMPILER_APPICON_NAME = AppIcon;
				DEVELOPMENT_TEAM = LNRV9D7FZB;
				INFOPLIST_FILE = gameoflife/Info.plist;
				IPHONEOS_DEPLOYMENT_TARGET = 10.0;
				LD_RUNPATH_SEARCH_PATHS = "$(inherited) @executable_path/Frameworks";
				PRODUCT_BUNDLE_IDENTIFIER = com.wyr.gameoflife;
				PRODUCT_NAME = "$(TARGET_NAME)";
				TARGETED_DEVICE_FAMILY = "1,2";
			};
			name = Release;
		};
		7E1425FA1F41AC580022773A /* Debug */ = {
			isa = XCBuildConfiguration;
			buildSettings = {
				BUNDLE_LOADER = "$(TEST_HOST)";
				INFOPLIST_FILE = gameoflifeTests/Info.plist;
				LD_RUNPATH_SEARCH_PATHS = "$(inherited) @executable_path/Frameworks @loader_path/Frameworks";
				PRODUCT_BUNDLE_IDENTIFIER = com.wyr.gameoflifeTests;
				PRODUCT_NAME = "$(TARGET_NAME)";
				TEST_HOST = "$(BUILT_PRODUCTS_DIR)/gameoflife.app/gameoflife";
			};
			name = Debug;
		};
		7E1425FB1F41AC580022773A /* Release */ = {
			isa = XCBuildConfiguration;
			buildSettings = {
				BUNDLE_LOADER = "$(TEST_HOST)";
				INFOPLIST_FILE = gameoflifeTests/Info.plist;
				LD_RUNPATH_SEARCH_PATHS = "$(inherited) @executable_path/Frameworks @loader_path/Frameworks";
				PRODUCT_BUNDLE_IDENTIFIER = com.wyr.gameoflifeTests;
				PRODUCT_NAME = "$(TARGET_NAME)";
				TEST_HOST = "$(BUILT_PRODUCTS_DIR)/gameoflife.app/gameoflife";
			};
			name = Release;
		};
		7E1425FD1F41AC580022773A /* Debug */ = {
			isa = XCBuildConfiguration;
			buildSettings = {
				INFOPLIST_FILE = gameoflifeUITests/Info.plist;
				LD_RUNPATH_SEARCH_PATHS = "$(inherited) @executable_path/Frameworks @loader_path/Frameworks";
				PRODUCT_BUNDLE_IDENTIFIER = com.wyr.gameoflifeUITests;
				PRODUCT_NAME = "$(TARGET_NAME)";
				TEST_TARGET_NAME = gameoflife;
			};
			name = Debug;
		};
		7E1425FE1F41AC580022773A /* Release */ = {
			isa = XCBuildConfiguration;
			buildSettings = {
				INFOPLIST_FILE = gameoflifeUITests/Info.plist;
				LD_RUNPATH_SEARCH_PATHS = "$(inherited) @executable_path/Frameworks @loader_path/Frameworks";
				PRODUCT_BUNDLE_IDENTIFIER = com.wyr.gameoflifeUITests;
				PRODUCT_NAME = "$(TARGET_NAME)";
				TEST_TARGET_NAME = gameoflife;
			};
			name = Release;
		};
/* End XCBuildConfiguration section */

/* Begin XCConfigurationList section */
		7E1425C41F41AC580022773A /* Build configuration list for PBXProject "gameoflife" */ = {
			isa = XCConfigurationList;
			buildConfigurations = (
				7E1425F41F41AC580022773A /* Debug */,
				7E1425F51F41AC580022773A /* Release */,
			);
			defaultConfigurationIsVisible = 0;
			defaultConfigurationName = Release;
		};
		7E1425F61F41AC580022773A /* Build configuration list for PBXNativeTarget "gameoflife" */ = {
			isa = XCConfigurationList;
			buildConfigurations = (
				7E1425F71F41AC580022773A /* Debug */,
				7E1425F81F41AC580022773A /* Release */,
			);
			defaultConfigurationIsVisible = 0;
			defaultConfigurationName = Release;
		};
		7E1425F91F41AC580022773A /* Build configuration list for PBXNativeTarget "gameoflifeTests" */ = {
			isa = XCConfigurationList;
			buildConfigurations = (
				7E1425FA1F41AC580022773A /* Debug */,
				7E1425FB1F41AC580022773A /* Release */,
			);
			defaultConfigurationIsVisible = 0;
			defaultConfigurationName = Release;
		};
		7E1425FC1F41AC580022773A /* Build configuration list for PBXNativeTarget "gameoflifeUITests" */ = {
			isa = XCConfigurationList;
			buildConfigurations = (
				7E1425FD1F41AC580022773A /* Debug */,
				7E1425FE1F41AC580022773A /* Release */,
			);
			defaultConfigurationIsVisible = 0;
			defaultConfigurationName = Release;
		};
/* End XCConfigurationList section */
	};
	rootObject = 7E1425C11F41AC580022773A /* Project object */;
}
